// !$*UTF8*$!
{
	archiveVersion = 1;
	classes = {
	};
	objectVersion = 50;
	objects = {

/* Begin PBXBuildFile section */
		6A1A156721DDFED600210626 /* XRAudioUnit.m in Sources */ = {isa = PBXBuildFile; fileRef = 6A1A156621DDFED600210626 /* XRAudioUnit.m */; };
		6A26D0FF21F0730300CDE2A2 /* LLCollectionVC.m in Sources */ = {isa = PBXBuildFile; fileRef = 6A26D0FE21F0730200CDE2A2 /* LLCollectionVC.m */; };
		6A26D10221F0731F00CDE2A2 /* UIImage+Scale.m in Sources */ = {isa = PBXBuildFile; fileRef = 6A26D10021F0731F00CDE2A2 /* UIImage+Scale.m */; };
		6A8849B9216064030039FDA5 /* AppDelegate.m in Sources */ = {isa = PBXBuildFile; fileRef = 6A8849B8216064030039FDA5 /* AppDelegate.m */; };
		6A8849BC216064030039FDA5 /* ViewController.m in Sources */ = {isa = PBXBuildFile; fileRef = 6A8849BB216064030039FDA5 /* ViewController.m */; };
		6A8849BF216064030039FDA5 /* Main.storyboard in Resources */ = {isa = PBXBuildFile; fileRef = 6A8849BD216064030039FDA5 /* Main.storyboard */; };
		6A8849C1216064050039FDA5 /* Assets.xcassets in Resources */ = {isa = PBXBuildFile; fileRef = 6A8849C0216064050039FDA5 /* Assets.xcassets */; };
		6A8849C4216064050039FDA5 /* LaunchScreen.storyboard in Resources */ = {isa = PBXBuildFile; fileRef = 6A8849C2216064050039FDA5 /* LaunchScreen.storyboard */; };
		6A8849C7216064050039FDA5 /* main.m in Sources */ = {isa = PBXBuildFile; fileRef = 6A8849C6216064050039FDA5 /* main.m */; };
		6A8849D621606D980039FDA5 /* UIImage+XRArrow.m in Sources */ = {isa = PBXBuildFile; fileRef = 6A8849D521606D980039FDA5 /* UIImage+XRArrow.m */; };
		6A8849D821606F980039FDA5 /* XRKit.podspec in Resources */ = {isa = PBXBuildFile; fileRef = 6A8849D721606F980039FDA5 /* XRKit.podspec */; };
		6A9337FB21BF5122000AC579 /* XRAudioPlayer.m in Sources */ = {isa = PBXBuildFile; fileRef = 6A9337FA21BF5122000AC579 /* XRAudioPlayer.m */; };
		6A9337FE21BF5144000AC579 /* XRAudioPlayer+AudioQueue.m in Sources */ = {isa = PBXBuildFile; fileRef = 6A9337FD21BF5144000AC579 /* XRAudioPlayer+AudioQueue.m */; };
		6A93380121BF516C000AC579 /* XRAudioRecorder.m in Sources */ = {isa = PBXBuildFile; fileRef = 6A93380021BF516C000AC579 /* XRAudioRecorder.m */; };
		6A93380421BF5183000AC579 /* XRAudioRecorder+AudioQueue.m in Sources */ = {isa = PBXBuildFile; fileRef = 6A93380321BF5183000AC579 /* XRAudioRecorder+AudioQueue.m */; };
		6A93380721BF84BA000AC579 /* XRAudioRecorder+AudioUnit.m in Sources */ = {isa = PBXBuildFile; fileRef = 6A93380621BF84BA000AC579 /* XRAudioRecorder+AudioUnit.m */; };
		6A93380A21BF8858000AC579 /* AudioViewController.m in Sources */ = {isa = PBXBuildFile; fileRef = 6A93380921BF8858000AC579 /* AudioViewController.m */; };
		6A93380C21BF9002000AC579 /* output.caf in Resources */ = {isa = PBXBuildFile; fileRef = 6A93380B21BF9002000AC579 /* output.caf */; };
		6A9AC4A62175815F0040730A /* SubViewController.m in Sources */ = {isa = PBXBuildFile; fileRef = 6A9AC4A52175815F0040730A /* SubViewController.m */; };
		6A9AC4A82175B00A0040730A /* AVFoundation.framework in Frameworks */ = {isa = PBXBuildFile; fileRef = 6A9AC4A72175B00A0040730A /* AVFoundation.framework */; };
		6A9C6780217461BD002CD759 /* XRCameraViewController.m in Sources */ = {isa = PBXBuildFile; fileRef = 6A9C677F217461BD002CD759 /* XRCameraViewController.m */; };
		6A9C678321746211002CD759 /* XRCameraManager.m in Sources */ = {isa = PBXBuildFile; fileRef = 6A9C678221746211002CD759 /* XRCameraManager.m */; };
		6AE8270D21F17E5A006EAA95 /* XRPhoto.m in Sources */ = {isa = PBXBuildFile; fileRef = 6AE8270C21F17E5A006EAA95 /* XRPhoto.m */; };
		6AE8271121F17F18006EAA95 /* XRPhotoBrowser.m in Sources */ = {isa = PBXBuildFile; fileRef = 6AE8271021F17F18006EAA95 /* XRPhotoBrowser.m */; };
		6AE8271921F1B38D006EAA95 /* XRTapDetectingView.m in Sources */ = {isa = PBXBuildFile; fileRef = 6AE8271821F1B38D006EAA95 /* XRTapDetectingView.m */; };
		6AE8271C21F1B3BC006EAA95 /* XRTapDetectingImageView.m in Sources */ = {isa = PBXBuildFile; fileRef = 6AE8271B21F1B3BC006EAA95 /* XRTapDetectingImageView.m */; };
		6AE8271F21F1BB5E006EAA95 /* XRPhotoZoomingView.m in Sources */ = {isa = PBXBuildFile; fileRef = 6AE8271E21F1BB5E006EAA95 /* XRPhotoZoomingView.m */; };
/* End PBXBuildFile section */

/* Begin PBXFileReference section */
		6A1A156521DDFED600210626 /* XRAudioUnit.h */ = {isa = PBXFileReference; lastKnownFileType = sourcecode.c.h; path = XRAudioUnit.h; sourceTree = "<group>"; };
		6A1A156621DDFED600210626 /* XRAudioUnit.m */ = {isa = PBXFileReference; lastKnownFileType = sourcecode.c.objc; path = XRAudioUnit.m; sourceTree = "<group>"; };
		6A26D0FD21F0730200CDE2A2 /* LLCollectionVC.h */ = {isa = PBXFileReference; lastKnownFileType = sourcecode.c.h; path = LLCollectionVC.h; sourceTree = "<group>"; };
		6A26D0FE21F0730200CDE2A2 /* LLCollectionVC.m */ = {isa = PBXFileReference; lastKnownFileType = sourcecode.c.objc; path = LLCollectionVC.m; sourceTree = "<group>"; };
		6A26D10021F0731F00CDE2A2 /* UIImage+Scale.m */ = {isa = PBXFileReference; fileEncoding = 4; lastKnownFileType = sourcecode.c.objc; path = "UIImage+Scale.m"; sourceTree = "<group>"; };
		6A26D10121F0731F00CDE2A2 /* UIImage+Scale.h */ = {isa = PBXFileReference; fileEncoding = 4; lastKnownFileType = sourcecode.c.h; path = "UIImage+Scale.h"; sourceTree = "<group>"; };
		6A8849B4216064030039FDA5 /* XRKit.app */ = {isa = PBXFileReference; explicitFileType = wrapper.application; includeInIndex = 0; path = XRKit.app; sourceTree = BUILT_PRODUCTS_DIR; };
		6A8849B7216064030039FDA5 /* AppDelegate.h */ = {isa = PBXFileReference; lastKnownFileType = sourcecode.c.h; path = AppDelegate.h; sourceTree = "<group>"; };
		6A8849B8216064030039FDA5 /* AppDelegate.m */ = {isa = PBXFileReference; lastKnownFileType = sourcecode.c.objc; path = AppDelegate.m; sourceTree = "<group>"; };
		6A8849BA216064030039FDA5 /* ViewController.h */ = {isa = PBXFileReference; lastKnownFileType = sourcecode.c.h; path = ViewController.h; sourceTree = "<group>"; };
		6A8849BB216064030039FDA5 /* ViewController.m */ = {isa = PBXFileReference; lastKnownFileType = sourcecode.c.objc; path = ViewController.m; sourceTree = "<group>"; };
		6A8849BE216064030039FDA5 /* Base */ = {isa = PBXFileReference; lastKnownFileType = file.storyboard; name = Base; path = Base.lproj/Main.storyboard; sourceTree = "<group>"; };
		6A8849C0216064050039FDA5 /* Assets.xcassets */ = {isa = PBXFileReference; lastKnownFileType = folder.assetcatalog; path = Assets.xcassets; sourceTree = "<group>"; };
		6A8849C3216064050039FDA5 /* Base */ = {isa = PBXFileReference; lastKnownFileType = file.storyboard; name = Base; path = Base.lproj/LaunchScreen.storyboard; sourceTree = "<group>"; };
		6A8849C5216064050039FDA5 /* Info.plist */ = {isa = PBXFileReference; lastKnownFileType = text.plist.xml; path = Info.plist; sourceTree = "<group>"; };
		6A8849C6216064050039FDA5 /* main.m */ = {isa = PBXFileReference; lastKnownFileType = sourcecode.c.objc; path = main.m; sourceTree = "<group>"; };
		6A8849D421606D980039FDA5 /* UIImage+XRArrow.h */ = {isa = PBXFileReference; fileEncoding = 4; lastKnownFileType = sourcecode.c.h; path = "UIImage+XRArrow.h"; sourceTree = "<group>"; };
		6A8849D521606D980039FDA5 /* UIImage+XRArrow.m */ = {isa = PBXFileReference; fileEncoding = 4; lastKnownFileType = sourcecode.c.objc; path = "UIImage+XRArrow.m"; sourceTree = "<group>"; };
		6A8849D721606F980039FDA5 /* XRKit.podspec */ = {isa = PBXFileReference; fileEncoding = 4; lastKnownFileType = text; name = XRKit.podspec; path = ../XRKit.podspec; sourceTree = "<group>"; };
		6A9337F921BF5122000AC579 /* XRAudioPlayer.h */ = {isa = PBXFileReference; lastKnownFileType = sourcecode.c.h; path = XRAudioPlayer.h; sourceTree = "<group>"; };
		6A9337FA21BF5122000AC579 /* XRAudioPlayer.m */ = {isa = PBXFileReference; lastKnownFileType = sourcecode.c.objc; path = XRAudioPlayer.m; sourceTree = "<group>"; };
		6A9337FC21BF5144000AC579 /* XRAudioPlayer+AudioQueue.h */ = {isa = PBXFileReference; lastKnownFileType = sourcecode.c.h; path = "XRAudioPlayer+AudioQueue.h"; sourceTree = "<group>"; };
		6A9337FD21BF5144000AC579 /* XRAudioPlayer+AudioQueue.m */ = {isa = PBXFileReference; lastKnownFileType = sourcecode.c.objc; path = "XRAudioPlayer+AudioQueue.m"; sourceTree = "<group>"; };
		6A9337FF21BF516C000AC579 /* XRAudioRecorder.h */ = {isa = PBXFileReference; lastKnownFileType = sourcecode.c.h; path = XRAudioRecorder.h; sourceTree = "<group>"; };
		6A93380021BF516C000AC579 /* XRAudioRecorder.m */ = {isa = PBXFileReference; lastKnownFileType = sourcecode.c.objc; path = XRAudioRecorder.m; sourceTree = "<group>"; };
		6A93380221BF5183000AC579 /* XRAudioRecorder+AudioQueue.h */ = {isa = PBXFileReference; lastKnownFileType = sourcecode.c.h; path = "XRAudioRecorder+AudioQueue.h"; sourceTree = "<group>"; };
		6A93380321BF5183000AC579 /* XRAudioRecorder+AudioQueue.m */ = {isa = PBXFileReference; lastKnownFileType = sourcecode.c.objc; path = "XRAudioRecorder+AudioQueue.m"; sourceTree = "<group>"; };
		6A93380521BF84BA000AC579 /* XRAudioRecorder+AudioUnit.h */ = {isa = PBXFileReference; lastKnownFileType = sourcecode.c.h; path = "XRAudioRecorder+AudioUnit.h"; sourceTree = "<group>"; };
		6A93380621BF84BA000AC579 /* XRAudioRecorder+AudioUnit.m */ = {isa = PBXFileReference; lastKnownFileType = sourcecode.c.objc; path = "XRAudioRecorder+AudioUnit.m"; sourceTree = "<group>"; };
		6A93380821BF8858000AC579 /* AudioViewController.h */ = {isa = PBXFileReference; lastKnownFileType = sourcecode.c.h; path = AudioViewController.h; sourceTree = "<group>"; };
		6A93380921BF8858000AC579 /* AudioViewController.m */ = {isa = PBXFileReference; lastKnownFileType = sourcecode.c.objc; path = AudioViewController.m; sourceTree = "<group>"; };
		6A93380B21BF9002000AC579 /* output.caf */ = {isa = PBXFileReference; lastKnownFileType = file; path = output.caf; sourceTree = "<group>"; };
		6A9AC4A42175815F0040730A /* SubViewController.h */ = {isa = PBXFileReference; lastKnownFileType = sourcecode.c.h; path = SubViewController.h; sourceTree = "<group>"; };
		6A9AC4A52175815F0040730A /* SubViewController.m */ = {isa = PBXFileReference; lastKnownFileType = sourcecode.c.objc; path = SubViewController.m; sourceTree = "<group>"; };
		6A9AC4A72175B00A0040730A /* AVFoundation.framework */ = {isa = PBXFileReference; lastKnownFileType = wrapper.framework; name = AVFoundation.framework; path = System/Library/Frameworks/AVFoundation.framework; sourceTree = SDKROOT; };
		6A9C677E217461BD002CD759 /* XRCameraViewController.h */ = {isa = PBXFileReference; lastKnownFileType = sourcecode.c.h; path = XRCameraViewController.h; sourceTree = "<group>"; };
		6A9C677F217461BD002CD759 /* XRCameraViewController.m */ = {isa = PBXFileReference; lastKnownFileType = sourcecode.c.objc; path = XRCameraViewController.m; sourceTree = "<group>"; };
		6A9C678121746211002CD759 /* XRCameraManager.h */ = {isa = PBXFileReference; lastKnownFileType = sourcecode.c.h; path = XRCameraManager.h; sourceTree = "<group>"; };
		6A9C678221746211002CD759 /* XRCameraManager.m */ = {isa = PBXFileReference; lastKnownFileType = sourcecode.c.objc; path = XRCameraManager.m; sourceTree = "<group>"; };
		6AE8270B21F17E5A006EAA95 /* XRPhoto.h */ = {isa = PBXFileReference; lastKnownFileType = sourcecode.c.h; path = XRPhoto.h; sourceTree = "<group>"; };
		6AE8270C21F17E5A006EAA95 /* XRPhoto.m */ = {isa = PBXFileReference; lastKnownFileType = sourcecode.c.objc; path = XRPhoto.m; sourceTree = "<group>"; };
		6AE8270E21F17EA7006EAA95 /* XRPhotoProtocol.h */ = {isa = PBXFileReference; lastKnownFileType = sourcecode.c.h; path = XRPhotoProtocol.h; sourceTree = "<group>"; };
		6AE8270F21F17F18006EAA95 /* XRPhotoBrowser.h */ = {isa = PBXFileReference; lastKnownFileType = sourcecode.c.h; path = XRPhotoBrowser.h; sourceTree = "<group>"; };
		6AE8271021F17F18006EAA95 /* XRPhotoBrowser.m */ = {isa = PBXFileReference; lastKnownFileType = sourcecode.c.objc; path = XRPhotoBrowser.m; sourceTree = "<group>"; };
		6AE8271721F1B38D006EAA95 /* XRTapDetectingView.h */ = {isa = PBXFileReference; lastKnownFileType = sourcecode.c.h; path = XRTapDetectingView.h; sourceTree = "<group>"; };
		6AE8271821F1B38D006EAA95 /* XRTapDetectingView.m */ = {isa = PBXFileReference; lastKnownFileType = sourcecode.c.objc; path = XRTapDetectingView.m; sourceTree = "<group>"; };
		6AE8271A21F1B3BC006EAA95 /* XRTapDetectingImageView.h */ = {isa = PBXFileReference; lastKnownFileType = sourcecode.c.h; path = XRTapDetectingImageView.h; sourceTree = "<group>"; };
		6AE8271B21F1B3BC006EAA95 /* XRTapDetectingImageView.m */ = {isa = PBXFileReference; lastKnownFileType = sourcecode.c.objc; path = XRTapDetectingImageView.m; sourceTree = "<group>"; };
		6AE8271D21F1BB5E006EAA95 /* XRPhotoZoomingView.h */ = {isa = PBXFileReference; lastKnownFileType = sourcecode.c.h; path = XRPhotoZoomingView.h; sourceTree = "<group>"; };
		6AE8271E21F1BB5E006EAA95 /* XRPhotoZoomingView.m */ = {isa = PBXFileReference; lastKnownFileType = sourcecode.c.objc; path = XRPhotoZoomingView.m; sourceTree = "<group>"; };
/* End PBXFileReference section */

/* Begin PBXFrameworksBuildPhase section */
		6A8849B1216064030039FDA5 /* Frameworks */ = {
			isa = PBXFrameworksBuildPhase;
			buildActionMask = 2147483647;
			files = (
				6A9AC4A82175B00A0040730A /* AVFoundation.framework in Frameworks */,
			);
			runOnlyForDeploymentPostprocessing = 0;
		};
/* End PBXFrameworksBuildPhase section */

/* Begin PBXGroup section */
		6A8849AB216064020039FDA5 = {
			isa = PBXGroup;
			children = (
				6A8849D721606F980039FDA5 /* XRKit.podspec */,
				6A8849CF2160655C0039FDA5 /* Bundles */,
				6A8849CD2160655C0039FDA5 /* Classes */,
				6A8849CE2160655C0039FDA5 /* Frameworks */,
				6A8849B6216064030039FDA5 /* XRKit */,
				6A8849B5216064030039FDA5 /* Products */,
			);
			sourceTree = "<group>";
		};
		6A8849B5216064030039FDA5 /* Products */ = {
			isa = PBXGroup;
			children = (
				6A8849B4216064030039FDA5 /* XRKit.app */,
			);
			name = Products;
			sourceTree = "<group>";
		};
		6A8849B6216064030039FDA5 /* XRKit */ = {
			isa = PBXGroup;
			children = (
				6A8849B7216064030039FDA5 /* AppDelegate.h */,
				6A8849B8216064030039FDA5 /* AppDelegate.m */,
				6A8849BA216064030039FDA5 /* ViewController.h */,
				6A8849BB216064030039FDA5 /* ViewController.m */,
				6A9AC4A42175815F0040730A /* SubViewController.h */,
				6A9AC4A52175815F0040730A /* SubViewController.m */,
				6A93380821BF8858000AC579 /* AudioViewController.h */,
				6A93380921BF8858000AC579 /* AudioViewController.m */,
				6A26D0FD21F0730200CDE2A2 /* LLCollectionVC.h */,
				6A26D0FE21F0730200CDE2A2 /* LLCollectionVC.m */,
				6A26D10121F0731F00CDE2A2 /* UIImage+Scale.h */,
				6A26D10021F0731F00CDE2A2 /* UIImage+Scale.m */,
				6A8849BD216064030039FDA5 /* Main.storyboard */,
				6A8849C0216064050039FDA5 /* Assets.xcassets */,
				6A8849C2216064050039FDA5 /* LaunchScreen.storyboard */,
				6A8849C5216064050039FDA5 /* Info.plist */,
				6A8849C6216064050039FDA5 /* main.m */,
				6A93380B21BF9002000AC579 /* output.caf */,
			);
			path = XRKit;
			sourceTree = "<group>";
		};
		6A8849CD2160655C0039FDA5 /* Classes */ = {
			isa = PBXGroup;
			children = (
				6AE8270A21F17D30006EAA95 /* PhotoBrowser */,
				6A9337F821BF504F000AC579 /* Audio */,
				6A9C677D21746165002CD759 /* Camera */,
				6A8849D321606D980039FDA5 /* Image */,
			);
			path = Classes;
			sourceTree = "<group>";
		};
		6A8849CE2160655C0039FDA5 /* Frameworks */ = {
			isa = PBXGroup;
			children = (
				6A9AC4A72175B00A0040730A /* AVFoundation.framework */,
			);
			path = Frameworks;
			sourceTree = "<group>";
		};
		6A8849CF2160655C0039FDA5 /* Bundles */ = {
			isa = PBXGroup;
			children = (
			);
			path = Bundles;
			sourceTree = "<group>";
		};
		6A8849D321606D980039FDA5 /* Image */ = {
			isa = PBXGroup;
			children = (
				6A8849D421606D980039FDA5 /* UIImage+XRArrow.h */,
				6A8849D521606D980039FDA5 /* UIImage+XRArrow.m */,
			);
			path = Image;
			sourceTree = "<group>";
		};
		6A9337F821BF504F000AC579 /* Audio */ = {
			isa = PBXGroup;
			children = (
				6A9337F921BF5122000AC579 /* XRAudioPlayer.h */,
				6A9337FA21BF5122000AC579 /* XRAudioPlayer.m */,
				6A9337FC21BF5144000AC579 /* XRAudioPlayer+AudioQueue.h */,
				6A9337FD21BF5144000AC579 /* XRAudioPlayer+AudioQueue.m */,
				6A9337FF21BF516C000AC579 /* XRAudioRecorder.h */,
				6A93380021BF516C000AC579 /* XRAudioRecorder.m */,
				6A93380221BF5183000AC579 /* XRAudioRecorder+AudioQueue.h */,
				6A93380321BF5183000AC579 /* XRAudioRecorder+AudioQueue.m */,
				6A93380521BF84BA000AC579 /* XRAudioRecorder+AudioUnit.h */,
				6A93380621BF84BA000AC579 /* XRAudioRecorder+AudioUnit.m */,
				6A1A156521DDFED600210626 /* XRAudioUnit.h */,
				6A1A156621DDFED600210626 /* XRAudioUnit.m */,
			);
			path = Audio;
			sourceTree = "<group>";
		};
		6A9C677D21746165002CD759 /* Camera */ = {
			isa = PBXGroup;
			children = (
				6A9C678121746211002CD759 /* XRCameraManager.h */,
				6A9C678221746211002CD759 /* XRCameraManager.m */,
				6A9C677E217461BD002CD759 /* XRCameraViewController.h */,
				6A9C677F217461BD002CD759 /* XRCameraViewController.m */,
			);
			path = Camera;
			sourceTree = "<group>";
		};
		6AE8270A21F17D30006EAA95 /* PhotoBrowser */ = {
			isa = PBXGroup;
			children = (
				6AE8270E21F17EA7006EAA95 /* XRPhotoProtocol.h */,
				6AE8270B21F17E5A006EAA95 /* XRPhoto.h */,
				6AE8270C21F17E5A006EAA95 /* XRPhoto.m */,
				6AE8270F21F17F18006EAA95 /* XRPhotoBrowser.h */,
				6AE8271021F17F18006EAA95 /* XRPhotoBrowser.m */,
				6AE8271D21F1BB5E006EAA95 /* XRPhotoZoomingView.h */,
				6AE8271E21F1BB5E006EAA95 /* XRPhotoZoomingView.m */,
				6AE8271721F1B38D006EAA95 /* XRTapDetectingView.h */,
				6AE8271821F1B38D006EAA95 /* XRTapDetectingView.m */,
				6AE8271A21F1B3BC006EAA95 /* XRTapDetectingImageView.h */,
				6AE8271B21F1B3BC006EAA95 /* XRTapDetectingImageView.m */,
			);
			path = PhotoBrowser;
			sourceTree = "<group>";
		};
/* End PBXGroup section */

/* Begin PBXNativeTarget section */
		6A8849B3216064030039FDA5 /* XRKit */ = {
			isa = PBXNativeTarget;
			buildConfigurationList = 6A8849CA216064050039FDA5 /* Build configuration list for PBXNativeTarget "XRKit" */;
			buildPhases = (
				6A8849B0216064030039FDA5 /* Sources */,
				6A8849B1216064030039FDA5 /* Frameworks */,
				6A8849B2216064030039FDA5 /* Resources */,
			);
			buildRules = (
			);
			dependencies = (
			);
			name = XRKit;
			productName = XRKit;
			productReference = 6A8849B4216064030039FDA5 /* XRKit.app */;
			productType = "com.apple.product-type.application";
		};
/* End PBXNativeTarget section */

/* Begin PBXProject section */
		6A8849AC216064020039FDA5 /* Project object */ = {
			isa = PBXProject;
			attributes = {
				LastUpgradeCheck = 1000;
				ORGANIZATIONNAME = LL;
				TargetAttributes = {
					6A8849B3216064030039FDA5 = {
						CreatedOnToolsVersion = 10.0;
					};
				};
			};
			buildConfigurationList = 6A8849AF216064020039FDA5 /* Build configuration list for PBXProject "XRKit" */;
			compatibilityVersion = "Xcode 9.3";
			developmentRegion = en;
			hasScannedForEncodings = 0;
			knownRegions = (
				en,
				Base,
			);
			mainGroup = 6A8849AB216064020039FDA5;
			productRefGroup = 6A8849B5216064030039FDA5 /* Products */;
			projectDirPath = "";
			projectRoot = "";
			targets = (
				6A8849B3216064030039FDA5 /* XRKit */,
			);
		};
/* End PBXProject section */

/* Begin PBXResourcesBuildPhase section */
		6A8849B2216064030039FDA5 /* Resources */ = {
			isa = PBXResourcesBuildPhase;
			buildActionMask = 2147483647;
			files = (
				6A8849C4216064050039FDA5 /* LaunchScreen.storyboard in Resources */,
				6A8849C1216064050039FDA5 /* Assets.xcassets in Resources */,
				6A8849BF216064030039FDA5 /* Main.storyboard in Resources */,
				6A93380C21BF9002000AC579 /* output.caf in Resources */,
				6A8849D821606F980039FDA5 /* XRKit.podspec in Resources */,
			);
			runOnlyForDeploymentPostprocessing = 0;
		};
/* End PBXResourcesBuildPhase section */

/* Begin PBXSourcesBuildPhase section */
		6A8849B0216064030039FDA5 /* Sources */ = {
			isa = PBXSourcesBuildPhase;
			buildActionMask = 2147483647;
			files = (
				6A1A156721DDFED600210626 /* XRAudioUnit.m in Sources */,
				6A26D0FF21F0730300CDE2A2 /* LLCollectionVC.m in Sources */,
				6AE8270D21F17E5A006EAA95 /* XRPhoto.m in Sources */,
				6A93380121BF516C000AC579 /* XRAudioRecorder.m in Sources */,
				6AE8271921F1B38D006EAA95 /* XRTapDetectingView.m in Sources */,
				6A93380721BF84BA000AC579 /* XRAudioRecorder+AudioUnit.m in Sources */,
				6A9C6780217461BD002CD759 /* XRCameraViewController.m in Sources */,
				6A8849BC216064030039FDA5 /* ViewController.m in Sources */,
				6A9C678321746211002CD759 /* XRCameraManager.m in Sources */,
				6A9337FB21BF5122000AC579 /* XRAudioPlayer.m in Sources */,
				6A8849D621606D980039FDA5 /* UIImage+XRArrow.m in Sources */,
				6A9337FE21BF5144000AC579 /* XRAudioPlayer+AudioQueue.m in Sources */,
				6AE8271C21F1B3BC006EAA95 /* XRTapDetectingImageView.m in Sources */,
				6A9AC4A62175815F0040730A /* SubViewController.m in Sources */,
				6A93380421BF5183000AC579 /* XRAudioRecorder+AudioQueue.m in Sources */,
				6A93380A21BF8858000AC579 /* AudioViewController.m in Sources */,
				6A8849C7216064050039FDA5 /* main.m in Sources */,
				6AE8271F21F1BB5E006EAA95 /* XRPhotoZoomingView.m in Sources */,
				6AE8271121F17F18006EAA95 /* XRPhotoBrowser.m in Sources */,
				6A26D10221F0731F00CDE2A2 /* UIImage+Scale.m in Sources */,
				6A8849B9216064030039FDA5 /* AppDelegate.m in Sources */,
			);
			runOnlyForDeploymentPostprocessing = 0;
		};
/* End PBXSourcesBuildPhase section */

/* Begin PBXVariantGroup section */
		6A8849BD216064030039FDA5 /* Main.storyboard */ = {
			isa = PBXVariantGroup;
			children = (
				6A8849BE216064030039FDA5 /* Base */,
			);
			name = Main.storyboard;
			sourceTree = "<group>";
		};
		6A8849C2216064050039FDA5 /* LaunchScreen.storyboard */ = {
			isa = PBXVariantGroup;
			children = (
				6A8849C3216064050039FDA5 /* Base */,
			);
			name = LaunchScreen.storyboard;
			sourceTree = "<group>";
		};
/* End PBXVariantGroup section */

/* Begin XCBuildConfiguration section */
		6A8849C8216064050039FDA5 /* Debug */ = {
			isa = XCBuildConfiguration;
			buildSettings = {
				ALWAYS_SEARCH_USER_PATHS = NO;
				CLANG_ANALYZER_NONNULL = YES;
				CLANG_ANALYZER_NUMBER_OBJECT_CONVERSION = YES_AGGRESSIVE;
				CLANG_CXX_LANGUAGE_STANDARD = "gnu++14";
				CLANG_CXX_LIBRARY = "libc++";
				CLANG_ENABLE_MODULES = YES;
				CLANG_ENABLE_OBJC_ARC = YES;
				CLANG_ENABLE_OBJC_WEAK = YES;
				CLANG_WARN_BLOCK_CAPTURE_AUTORELEASING = YES;
				CLANG_WARN_BOOL_CONVERSION = YES;
				CLANG_WARN_COMMA = YES;
				CLANG_WARN_CONSTANT_CONVERSION = YES;
				CLANG_WARN_DEPRECATED_OBJC_IMPLEMENTATIONS = YES;
				CLANG_WARN_DIRECT_OBJC_ISA_USAGE = YES_ERROR;
				CLANG_WARN_DOCUMENTATION_COMMENTS = YES;
				CLANG_WARN_EMPTY_BODY = YES;
				CLANG_WARN_ENUM_CONVERSION = YES;
				CLANG_WARN_INFINITE_RECURSION = YES;
				CLANG_WARN_INT_CONVERSION = YES;
				CLANG_WARN_NON_LITERAL_NULL_CONVERSION = YES;
				CLANG_WARN_OBJC_IMPLICIT_RETAIN_SELF = YES;
				CLANG_WARN_OBJC_LITERAL_CONVERSION = YES;
				CLANG_WARN_OBJC_ROOT_CLASS = YES_ERROR;
				CLANG_WARN_RANGE_LOOP_ANALYSIS = YES;
				CLANG_WARN_STRICT_PROTOTYPES = YES;
				CLANG_WARN_SUSPICIOUS_MOVE = YES;
				CLANG_WARN_UNGUARDED_AVAILABILITY = YES_AGGRESSIVE;
				CLANG_WARN_UNREACHABLE_CODE = YES;
				CLANG_WARN__DUPLICATE_METHOD_MATCH = YES;
				CODE_SIGN_IDENTITY = "iPhone Developer";
				COPY_PHASE_STRIP = NO;
				DEBUG_INFORMATION_FORMAT = dwarf;
				ENABLE_STRICT_OBJC_MSGSEND = YES;
				ENABLE_TESTABILITY = YES;
				GCC_C_LANGUAGE_STANDARD = gnu11;
				GCC_DYNAMIC_NO_PIC = NO;
				GCC_NO_COMMON_BLOCKS = YES;
				GCC_OPTIMIZATION_LEVEL = 0;
				GCC_PREPROCESSOR_DEFINITIONS = (
					"DEBUG=1",
					"$(inherited)",
				);
				GCC_WARN_64_TO_32_BIT_CONVERSION = YES;
				GCC_WARN_ABOUT_RETURN_TYPE = YES_ERROR;
				GCC_WARN_UNDECLARED_SELECTOR = YES;
				GCC_WARN_UNINITIALIZED_AUTOS = YES_AGGRESSIVE;
				GCC_WARN_UNUSED_FUNCTION = YES;
				GCC_WARN_UNUSED_VARIABLE = YES;
				IPHONEOS_DEPLOYMENT_TARGET = 12.0;
				MTL_ENABLE_DEBUG_INFO = INCLUDE_SOURCE;
				MTL_FAST_MATH = YES;
				ONLY_ACTIVE_ARCH = YES;
				SDKROOT = iphoneos;
			};
			name = Debug;
		};
		6A8849C9216064050039FDA5 /* Release */ = {
			isa = XCBuildConfiguration;
			buildSettings = {
				ALWAYS_SEARCH_USER_PATHS = NO;
				CLANG_ANALYZER_NONNULL = YES;
				CLANG_ANALYZER_NUMBER_OBJECT_CONVERSION = YES_AGGRESSIVE;
				CLANG_CXX_LANGUAGE_STANDARD = "gnu++14";
				CLANG_CXX_LIBRARY = "libc++";
				CLANG_ENABLE_MODULES = YES;
				CLANG_ENABLE_OBJC_ARC = YES;
				CLANG_ENABLE_OBJC_WEAK = YES;
				CLANG_WARN_BLOCK_CAPTURE_AUTORELEASING = YES;
				CLANG_WARN_BOOL_CONVERSION = YES;
				CLANG_WARN_COMMA = YES;
				CLANG_WARN_CONSTANT_CONVERSION = YES;
				CLANG_WARN_DEPRECATED_OBJC_IMPLEMENTATIONS = YES;
				CLANG_WARN_DIRECT_OBJC_ISA_USAGE = YES_ERROR;
				CLANG_WARN_DOCUMENTATION_COMMENTS = YES;
				CLANG_WARN_EMPTY_BODY = YES;
				CLANG_WARN_ENUM_CONVERSION = YES;
				CLANG_WARN_INFINITE_RECURSION = YES;
				CLANG_WARN_INT_CONVERSION = YES;
				CLANG_WARN_NON_LITERAL_NULL_CONVERSION = YES;
				CLANG_WARN_OBJC_IMPLICIT_RETAIN_SELF = YES;
				CLANG_WARN_OBJC_LITERAL_CONVERSION = YES;
				CLANG_WARN_OBJC_ROOT_CLASS = YES_ERROR;
				CLANG_WARN_RANGE_LOOP_ANALYSIS = YES;
				CLANG_WARN_STRICT_PROTOTYPES = YES;
				CLANG_WARN_SUSPICIOUS_MOVE = YES;
				CLANG_WARN_UNGUARDED_AVAILABILITY = YES_AGGRESSIVE;
				CLANG_WARN_UNREACHABLE_CODE = YES;
				CLANG_WARN__DUPLICATE_METHOD_MATCH = YES;
				CODE_SIGN_IDENTITY = "iPhone Developer";
				COPY_PHASE_STRIP = NO;
				DEBUG_INFORMATION_FORMAT = "dwarf-with-dsym";
				ENABLE_NS_ASSERTIONS = NO;
				ENABLE_STRICT_OBJC_MSGSEND = YES;
				GCC_C_LANGUAGE_STANDARD = gnu11;
				GCC_NO_COMMON_BLOCKS = YES;
				GCC_WARN_64_TO_32_BIT_CONVERSION = YES;
				GCC_WARN_ABOUT_RETURN_TYPE = YES_ERROR;
				GCC_WARN_UNDECLARED_SELECTOR = YES;
				GCC_WARN_UNINITIALIZED_AUTOS = YES_AGGRESSIVE;
				GCC_WARN_UNUSED_FUNCTION = YES;
				GCC_WARN_UNUSED_VARIABLE = YES;
				IPHONEOS_DEPLOYMENT_TARGET = 12.0;
				MTL_ENABLE_DEBUG_INFO = NO;
				MTL_FAST_MATH = YES;
				SDKROOT = iphoneos;
				VALIDATE_PRODUCT = YES;
			};
			name = Release;
		};
		6A8849CB216064050039FDA5 /* Debug */ = {
			isa = XCBuildConfiguration;
			buildSettings = {
				ASSETCATALOG_COMPILER_APPICON_NAME = AppIcon;
				CODE_SIGN_STYLE = Manual;
				DEVELOPMENT_TEAM = MFJCTVDYG8;
				INFOPLIST_FILE = XRKit/Info.plist;
				IPHONEOS_DEPLOYMENT_TARGET = 8.0;
				LD_RUNPATH_SEARCH_PATHS = (
					"$(inherited)",
					"@executable_path/Frameworks",
				);
				PRODUCT_BUNDLE_IDENTIFIER = com.richinfo.XRKit;
				PRODUCT_NAME = "$(TARGET_NAME)";
				PROVISIONING_PROFILE_SPECIFIER = "通用profile";
				TARGETED_DEVICE_FAMILY = "1,2";
			};
			name = Debug;
		};
		6A8849CC216064050039FDA5 /* Release */ = {
			isa = XCBuildConfiguration;
			buildSettings = {
				ASSETCATALOG_COMPILER_APPICON_NAME = AppIcon;
				CODE_SIGN_STYLE = Manual;
				DEVELOPMENT_TEAM = MFJCTVDYG8;
				INFOPLIST_FILE = XRKit/Info.plist;
				IPHONEOS_DEPLOYMENT_TARGET = 8.0;
				LD_RUNPATH_SEARCH_PATHS = (
					"$(inherited)",
					"@executable_path/Frameworks",
				);
				PRODUCT_BUNDLE_IDENTIFIER = com.richinfo.XRKit;
				PRODUCT_NAME = "$(TARGET_NAME)";
				PROVISIONING_PROFILE_SPECIFIER = "通用profile";
				TARGETED_DEVICE_FAMILY = "1,2";
			};
			name = Release;
		};
/* End XCBuildConfiguration section */

/* Begin XCConfigurationList section */
		6A8849AF216064020039FDA5 /* Build configuration list for PBXProject "XRKit" */ = {
			isa = XCConfigurationList;
			buildConfigurations = (
				6A8849C8216064050039FDA5 /* Debug */,
				6A8849C9216064050039FDA5 /* Release */,
			);
			defaultConfigurationIsVisible = 0;
			defaultConfigurationName = Release;
		};
		6A8849CA216064050039FDA5 /* Build configuration list for PBXNativeTarget "XRKit" */ = {
			isa = XCConfigurationList;
			buildConfigurations = (
				6A8849CB216064050039FDA5 /* Debug */,
				6A8849CC216064050039FDA5 /* Release */,
			);
			defaultConfigurationIsVisible = 0;
			defaultConfigurationName = Release;
		};
/* End XCConfigurationList section */
	};
	rootObject = 6A8849AC216064020039FDA5 /* Project object */;
}
